
Microsoft Visual Studio Solution File, Format Version 12.00
Project("{FAE04EC0-301F-11D3-BF4B-00C04F79EFBC}") = "Maturita.EFCore", "Maturita.EFCore\Maturita.EFCore.csproj", "{4093C4DC-292B-47F1-B698-068AA56344B0}"
EndProject
Project("{FAE04EC0-301F-11D3-BF4B-00C04F79EFBC}") = "Maturita.Repository", "Maturita.Repository\Maturita.Repository.csproj", "{35242C64-23CD-48E3-A62A-DAF9D68A7AD1}"
EndProject
Project("{FAE04EC0-301F-11D3-BF4B-00C04F79EFBC}") = "Maturita.Console", "Maturita.Console\Maturita.Console.csproj", "{28421CD8-6E80-4A00-AFBF-B327340F7398}"
EndProject
Project("{FAE04EC0-301F-11D3-BF4B-00C04F79EFBC}") = "Maturita.WFA", "Maturita.WFA\Maturita.WFA.csproj", "{D92AA690-2E74-4DC8-BE3F-764EDA7968DA}"
EndProject
Global
	GlobalSection(SolutionConfigurationPlatforms) = preSolution
		Debug|Any CPU = Debug|Any CPU
		Release|Any CPU = Release|Any CPU
	EndGlobalSection
	GlobalSection(ProjectConfigurationPlatforms) = postSolution
		{4093C4DC-292B-47F1-B698-068AA56344B0}.Debug|Any CPU.ActiveCfg = Debug|Any CPU
		{4093C4DC-292B-47F1-B698-068AA56344B0}.Debug|Any CPU.Build.0 = Debug|Any CPU
		{4093C4DC-292B-47F1-B698-068AA56344B0}.Release|Any CPU.ActiveCfg = Release|Any CPU
		{4093C4DC-292B-47F1-B698-068AA56344B0}.Release|Any CPU.Build.0 = Release|Any CPU
		{35242C64-23CD-48E3-A62A-DAF9D68A7AD1}.Debug|Any CPU.ActiveCfg = Debug|Any CPU
		{35242C64-23CD-48E3-A62A-DAF9D68A7AD1}.Debug|Any CPU.Build.0 = Debug|Any CPU
		{35242C64-23CD-48E3-A62A-DAF9D68A7AD1}.Release|Any CPU.ActiveCfg = Release|Any CPU
		{35242C64-23CD-48E3-A62A-DAF9D68A7AD1}.Release|Any CPU.Build.0 = Release|Any CPU
		{28421CD8-6E80-4A00-AFBF-B327340F7398}.Debug|Any CPU.ActiveCfg = Debug|Any CPU
		{28421CD8-6E80-4A00-AFBF-B327340F7398}.Debug|Any CPU.Build.0 = Debug|Any CPU
		{28421CD8-6E80-4A00-AFBF-B327340F7398}.Release|Any CPU.ActiveCfg = Release|Any CPU
		{28421CD8-6E80-4A00-AFBF-B327340F7398}.Release|Any CPU.Build.0 = Release|Any CPU
		{D92AA690-2E74-4DC8-BE3F-764EDA7968DA}.Debug|Any CPU.ActiveCfg = Debug|Any CPU
		{D92AA690-2E74-4DC8-BE3F-764EDA7968DA}.Debug|Any CPU.Build.0 = Debug|Any CPU
		{D92AA690-2E74-4DC8-BE3F-764EDA7968DA}.Release|Any CPU.ActiveCfg = Release|Any CPU
		{D92AA690-2E74-4DC8-BE3F-764EDA7968DA}.Release|Any CPU.Build.0 = Release|Any CPU
	EndGlobalSection
EndGlobal
