
Microsoft Visual Studio Solution File, Format Version 12.00
Project("{FAE04EC0-301F-11D3-BF4B-00C04F79EFBC}") = "Maturita.EFCore", "Maturita.EFCore\Maturita.EFCore.csproj", "{4093C4DC-292B-47F1-B698-068AA56344B0}"
EndProject
Project("{FAE04EC0-301F-11D3-BF4B-00C04F79EFBC}") = "Maturita.Facade", "Maturita.Facade\Maturita.Facade.csproj", "{35242C64-23CD-48E3-A62A-DAF9D68A7AD1}"
EndProject
Project("{FAE04EC0-301F-11D3-BF4B-00C04F79EFBC}") = "Maturita.Test", "Maturita.Test\Maturita.Test.csproj", "{28421CD8-6E80-4A00-AFBF-B327340F7398}"
EndProject
Global
	GlobalSection(SolutionConfigurationPlatforms) = preSolution
		Debug|Any CPU = Debug|Any CPU
		Release|Any CPU = Release|Any CPU
	EndGlobalSection
	GlobalSection(ProjectConfigurationPlatforms) = postSolution
		{4093C4DC-292B-47F1-B698-068AA56344B0}.Debug|Any CPU.ActiveCfg = Debug|Any CPU
		{4093C4DC-292B-47F1-B698-068AA56344B0}.Debug|Any CPU.Build.0 = Debug|Any CPU
		{4093C4DC-292B-47F1-B698-068AA56344B0}.Release|Any CPU.ActiveCfg = Release|Any CPU
		{4093C4DC-292B-47F1-B698-068AA56344B0}.Release|Any CPU.Build.0 = Release|Any CPU
		{35242C64-23CD-48E3-A62A-DAF9D68A7AD1}.Debug|Any CPU.ActiveCfg = Debug|Any CPU
		{35242C64-23CD-48E3-A62A-DAF9D68A7AD1}.Debug|Any CPU.Build.0 = Debug|Any CPU
		{35242C64-23CD-48E3-A62A-DAF9D68A7AD1}.Release|Any CPU.ActiveCfg = Release|Any CPU
		{35242C64-23CD-48E3-A62A-DAF9D68A7AD1}.Release|Any CPU.Build.0 = Release|Any CPU
		{28421CD8-6E80-4A00-AFBF-B327340F7398}.Debug|Any CPU.ActiveCfg = Debug|Any CPU
		{28421CD8-6E80-4A00-AFBF-B327340F7398}.Debug|Any CPU.Build.0 = Debug|Any CPU
		{28421CD8-6E80-4A00-AFBF-B327340F7398}.Release|Any CPU.ActiveCfg = Release|Any CPU
		{28421CD8-6E80-4A00-AFBF-B327340F7398}.Release|Any CPU.Build.0 = Release|Any CPU
	EndGlobalSection
EndGlobal
